
Microsoft Visual Studio Solution File, Format Version 12.00
# Visual Studio Version 17
VisualStudioVersion = 17.1.32421.90
MinimumVisualStudioVersion = 10.0.40219.1
Project("{FAE04EC0-301F-11D3-BF4B-00C04F79EFBC}") = "EcommerceApplication", "EcommerceApplication\EcommerceApplication.csproj", "{1BF5CEAF-0864-4572-B717-381708C7A856}"
EndProject
Project("{E53339B2-1760-4266-BCC7-CA923CBCF16C}") = "docker-compose", "docker-compose.dcproj", "{1AE55CDD-D6FF-4305-9E68-A599908345CF}"
EndProject
Global
	GlobalSection(SolutionConfigurationPlatforms) = preSolution
		Debug|Any CPU = Debug|Any CPU
		Release|Any CPU = Release|Any CPU
	EndGlobalSection
	GlobalSection(ProjectConfigurationPlatforms) = postSolution
		{1BF5CEAF-0864-4572-B717-381708C7A856}.Debug|Any CPU.ActiveCfg = Debug|Any CPU
		{1BF5CEAF-0864-4572-B717-381708C7A856}.Debug|Any CPU.Build.0 = Debug|Any CPU
		{1BF5CEAF-0864-4572-B717-381708C7A856}.Release|Any CPU.ActiveCfg = Release|Any CPU
		{1BF5CEAF-0864-4572-B717-381708C7A856}.Release|Any CPU.Build.0 = Release|Any CPU
		{1AE55CDD-D6FF-4305-9E68-A599908345CF}.Debug|Any CPU.ActiveCfg = Debug|Any CPU
		{1AE55CDD-D6FF-4305-9E68-A599908345CF}.Debug|Any CPU.Build.0 = Debug|Any CPU
		{1AE55CDD-D6FF-4305-9E68-A599908345CF}.Release|Any CPU.ActiveCfg = Release|Any CPU
		{1AE55CDD-D6FF-4305-9E68-A599908345CF}.Release|Any CPU.Build.0 = Release|Any CPU
	EndGlobalSection
	GlobalSection(SolutionProperties) = preSolution
		HideSolutionNode = FALSE
	EndGlobalSection
	GlobalSection(ExtensibilityGlobals) = postSolution
		SolutionGuid = {6726B5B9-FCA6-4767-96A4-95FAF38DF9C6}
	EndGlobalSection
EndGlobal
